
Microsoft Visual Studio Solution File, Format Version 12.00
# Visual Studio Version 17
VisualStudioVersion = 17.5.002.0
MinimumVisualStudioVersion = 10.0.40219.1
Project("{9A19103F-16F7-4668-BE54-9A1E7A4F7556}") = "ShaurmaN0App", "ShaurmaN0App.csproj", "{951E39DF-9440-452A-8D05-C4E06A2F029C}"
EndProject
Global
	GlobalSection(SolutionConfigurationPlatforms) = preSolution
		Debug|Any CPU = Debug|Any CPU
		Release|Any CPU = Release|Any CPU
	EndGlobalSection
	GlobalSection(ProjectConfigurationPlatforms) = postSolution
		{951E39DF-9440-452A-8D05-C4E06A2F029C}.Debug|Any CPU.ActiveCfg = Debug|Any CPU
		{951E39DF-9440-452A-8D05-C4E06A2F029C}.Debug|Any CPU.Build.0 = Debug|Any CPU
		{951E39DF-9440-452A-8D05-C4E06A2F029C}.Release|Any CPU.ActiveCfg = Release|Any CPU
		{951E39DF-9440-452A-8D05-C4E06A2F029C}.Release|Any CPU.Build.0 = Release|Any CPU
	EndGlobalSection
	GlobalSection(SolutionProperties) = preSolution
		HideSolutionNode = FALSE
	EndGlobalSection
	GlobalSection(ExtensibilityGlobals) = postSolution
		SolutionGuid = {10F83784-CB36-4CB6-9C09-0EC320362B9B}
	EndGlobalSection
EndGlobal
